
Microsoft Visual Studio Solution File, Format Version 12.00
# Visual Studio Version 16
VisualStudioVersion = 16.0.33801.447
MinimumVisualStudioVersion = 10.0.40219.1
Project("{FAE04EC0-301F-11D3-BF4B-00C04F79EFBC}") = "ClariSLiveSetList.Server", "Server\ClariSLiveSetList.Server.csproj", "{793BF08F-1EE1-4F0D-A891-7827EB65313E}"
EndProject
Project("{FAE04EC0-301F-11D3-BF4B-00C04F79EFBC}") = "ClariSLiveSetList.Client", "Client\ClariSLiveSetList.Client.csproj", "{28FCCB65-2953-4331-B01A-EDFCCBA18B5F}"
EndProject
Project("{FAE04EC0-301F-11D3-BF4B-00C04F79EFBC}") = "ClariSLiveSetList.Shared", "Shared\ClariSLiveSetList.Shared.csproj", "{316F5426-2140-4312-971F-4225D65D59D2}"
EndProject
Global
	GlobalSection(SolutionConfigurationPlatforms) = preSolution
		Debug|Any CPU = Debug|Any CPU
		Release|Any CPU = Release|Any CPU
	EndGlobalSection
	GlobalSection(ProjectConfigurationPlatforms) = postSolution
		{793BF08F-1EE1-4F0D-A891-7827EB65313E}.Debug|Any CPU.ActiveCfg = Debug|Any CPU
		{793BF08F-1EE1-4F0D-A891-7827EB65313E}.Debug|Any CPU.Build.0 = Debug|Any CPU
		{793BF08F-1EE1-4F0D-A891-7827EB65313E}.Release|Any CPU.ActiveCfg = Release|Any CPU
		{793BF08F-1EE1-4F0D-A891-7827EB65313E}.Release|Any CPU.Build.0 = Release|Any CPU
		{28FCCB65-2953-4331-B01A-EDFCCBA18B5F}.Debug|Any CPU.ActiveCfg = Debug|Any CPU
		{28FCCB65-2953-4331-B01A-EDFCCBA18B5F}.Debug|Any CPU.Build.0 = Debug|Any CPU
		{28FCCB65-2953-4331-B01A-EDFCCBA18B5F}.Release|Any CPU.ActiveCfg = Release|Any CPU
		{28FCCB65-2953-4331-B01A-EDFCCBA18B5F}.Release|Any CPU.Build.0 = Release|Any CPU
		{316F5426-2140-4312-971F-4225D65D59D2}.Debug|Any CPU.ActiveCfg = Debug|Any CPU
		{316F5426-2140-4312-971F-4225D65D59D2}.Debug|Any CPU.Build.0 = Debug|Any CPU
		{316F5426-2140-4312-971F-4225D65D59D2}.Release|Any CPU.ActiveCfg = Release|Any CPU
		{316F5426-2140-4312-971F-4225D65D59D2}.Release|Any CPU.Build.0 = Release|Any CPU
	EndGlobalSection
	GlobalSection(SolutionProperties) = preSolution
		HideSolutionNode = FALSE
	EndGlobalSection
	GlobalSection(ExtensibilityGlobals) = postSolution
		SolutionGuid = {2DEEE0D2-07B8-42A8-ACAF-9E23BA7C03BF}
	EndGlobalSection
EndGlobal
